
Microsoft Visual Studio Solution File, Format Version 12.00
# Visual Studio 15
VisualStudioVersion = 15.0.27004.2006
MinimumVisualStudioVersion = 10.0.40219.1
Project("{9A19103F-16F7-4668-BE54-9A1E7A4F7556}") = "HrPortal", "HrPortal\HrPortal.csproj", "{E55BEA20-653E-4EDB-B70E-C847C073EB58}"
EndProject
Project("{9A19103F-16F7-4668-BE54-9A1E7A4F7556}") = "ReflectionIT.Mvc.Paging", "ReflectionIT.Mvc.Paging\ReflectionIT.Mvc.Paging.csproj", "{4A0E6913-E378-4C48-BBE1-593B96ABBFDE}"
EndProject
Global
	GlobalSection(SolutionConfigurationPlatforms) = preSolution
		Debug|Any CPU = Debug|Any CPU
		Release|Any CPU = Release|Any CPU
	EndGlobalSection
	GlobalSection(ProjectConfigurationPlatforms) = postSolution
		{E55BEA20-653E-4EDB-B70E-C847C073EB58}.Debug|Any CPU.ActiveCfg = Debug|Any CPU
		{E55BEA20-653E-4EDB-B70E-C847C073EB58}.Debug|Any CPU.Build.0 = Debug|Any CPU
		{E55BEA20-653E-4EDB-B70E-C847C073EB58}.Release|Any CPU.ActiveCfg = Release|Any CPU
		{E55BEA20-653E-4EDB-B70E-C847C073EB58}.Release|Any CPU.Build.0 = Release|Any CPU
		{4A0E6913-E378-4C48-BBE1-593B96ABBFDE}.Debug|Any CPU.ActiveCfg = Debug|Any CPU
		{4A0E6913-E378-4C48-BBE1-593B96ABBFDE}.Debug|Any CPU.Build.0 = Debug|Any CPU
		{4A0E6913-E378-4C48-BBE1-593B96ABBFDE}.Release|Any CPU.ActiveCfg = Release|Any CPU
		{4A0E6913-E378-4C48-BBE1-593B96ABBFDE}.Release|Any CPU.Build.0 = Release|Any CPU
	EndGlobalSection
	GlobalSection(SolutionProperties) = preSolution
		HideSolutionNode = FALSE
	EndGlobalSection
	GlobalSection(ExtensibilityGlobals) = postSolution
		SolutionGuid = {C9247AC1-8DE5-4686-A529-3C623499BF99}
	EndGlobalSection
EndGlobal
